lockfileVersion: '6.0'

settings:
  autoInstallPeers: true
  excludeLinksFromLockfile: false

importers:

  .:
    dependencies:
      '@netlify/plugin-nextjs':
        specifier: 5.9.2
        version: 5.9.2
      '@types/node':
        specifier: 22.10.3
        version: 22.10.3
      '@types/react':
        specifier: 18.3.1
        version: 18.3.1
      '@types/react-dom':
        specifier: 18.3.1
        version: 18.3.1
      react:
        specifier: 18.3.1
        version: 18.3.1
      react-dom:
        specifier: 18.3.1
        version: 18.3.1(react@18.3.1)
      typescript:
        specifier: 5.7.2
        version: 5.7.2

  packages/zd-333761-1:
    dependencies:
      next:
        specifier: 14.2.22
        version: 14.2.22(react-dom@18.3.1)(react@18.3.1)

  packages/zd-333761-2:
    dependencies:
      next:
        specifier: 14.2.21
        version: 14.2.21(react-dom@18.3.1)(react@18.3.1)

packages:

  /@netlify/plugin-nextjs@5.9.2:
    resolution: {integrity: sha512-uoceIqubfp99UysXV0JvYL8uIybSnfAywwP1b3wNQLu+EueCRKuNvRiiwBkA5gta/rTEp23xD1HmuyT/9JDbaA==}
    engines: {node: '>=18.0.0'}
    dev: false

  /@next/env@14.2.21:
    resolution: {integrity: sha512-lXcwcJd5oR01tggjWJ6SrNNYFGuOOMB9c251wUNkjCpkoXOPkDeF/15c3mnVlBqrW4JJXb2kVxDFhC4GduJt2A==}
    dev: false

  /@next/env@14.2.22:
    resolution: {integrity: sha512-EQ6y1QeNQglNmNIXvwP/Bb+lf7n9WtgcWvtoFsHquVLCJUuxRs+6SfZ5EK0/EqkkLex4RrDySvKgKNN7PXip7Q==}
    dev: false

  /@next/swc-darwin-arm64@14.2.21:
    resolution: {integrity: sha512-HwEjcKsXtvszXz5q5Z7wCtrHeTTDSTgAbocz45PHMUjU3fBYInfvhR+ZhavDRUYLonm53aHZbB09QtJVJj8T7g==}
    engines: {node: '>= 10'}
    cpu: [arm64]
    os: [darwin]
    requiresBuild: true
    dev: false
    optional: true

  /@next/swc-darwin-arm64@14.2.22:
    resolution: {integrity: sha512-HUaLiehovgnqY4TMBZJ3pDaOsTE1spIXeR10pWgdQVPYqDGQmHJBj3h3V6yC0uuo/RoY2GC0YBFRkOX3dI9WVQ==}
    engines: {node: '>= 10'}
    cpu: [arm64]
    os: [darwin]
    requiresBuild: true
    dev: false
    optional: true

  /@next/swc-darwin-x64@14.2.21:
    resolution: {integrity: sha512-TSAA2ROgNzm4FhKbTbyJOBrsREOMVdDIltZ6aZiKvCi/v0UwFmwigBGeqXDA97TFMpR3LNNpw52CbVelkoQBxA==}
    engines: {node: '>= 10'}
    cpu: [x64]
    os: [darwin]
    requiresBuild: true
    dev: false
    optional: true

  /@next/swc-darwin-x64@14.2.22:
    resolution: {integrity: sha512-ApVDANousaAGrosWvxoGdLT0uvLBUC+srqOcpXuyfglA40cP2LBFaGmBjhgpxYk5z4xmunzqQvcIgXawTzo2uQ==}
    engines: {node: '>= 10'}
    cpu: [x64]
    os: [darwin]
    requiresBuild: true
    dev: false
    optional: true

  /@next/swc-linux-arm64-gnu@14.2.21:
    resolution: {integrity: sha512-0Dqjn0pEUz3JG+AImpnMMW/m8hRtl1GQCNbO66V1yp6RswSTiKmnHf3pTX6xMdJYSemf3O4Q9ykiL0jymu0TuA==}
    engines: {node: '>= 10'}
    cpu: [arm64]
    os: [linux]
    requiresBuild: true
    dev: false
    optional: true

  /@next/swc-linux-arm64-gnu@14.2.22:
    resolution: {integrity: sha512-3O2J99Bk9aM+d4CGn9eEayJXHuH9QLx0BctvWyuUGtJ3/mH6lkfAPRI4FidmHMBQBB4UcvLMfNf8vF0NZT7iKw==}
    engines: {node: '>= 10'}
    cpu: [arm64]
    os: [linux]
    requiresBuild: true
    dev: false
    optional: true

  /@next/swc-linux-arm64-musl@14.2.21:
    resolution: {integrity: sha512-Ggfw5qnMXldscVntwnjfaQs5GbBbjioV4B4loP+bjqNEb42fzZlAaK+ldL0jm2CTJga9LynBMhekNfV8W4+HBw==}
    engines: {node: '>= 10'}
    cpu: [arm64]
    os: [linux]
    requiresBuild: true
    dev: false
    optional: true

  /@next/swc-linux-arm64-musl@14.2.22:
    resolution: {integrity: sha512-H/hqfRz75yy60y5Eg7DxYfbmHMjv60Dsa6IWHzpJSz4MRkZNy5eDnEW9wyts9bkxwbOVZNPHeb3NkqanP+nGPg==}
    engines: {node: '>= 10'}
    cpu: [arm64]
    os: [linux]
    requiresBuild: true
    dev: false
    optional: true

  /@next/swc-linux-x64-gnu@14.2.21:
    resolution: {integrity: sha512-uokj0lubN1WoSa5KKdThVPRffGyiWlm/vCc/cMkWOQHw69Qt0X1o3b2PyLLx8ANqlefILZh1EdfLRz9gVpG6tg==}
    engines: {node: '>= 10'}
    cpu: [x64]
    os: [linux]
    requiresBuild: true
    dev: false
    optional: true

  /@next/swc-linux-x64-gnu@14.2.22:
    resolution: {integrity: sha512-LckLwlCLcGR1hlI5eiJymR8zSHPsuruuwaZ3H2uudr25+Dpzo6cRFjp/3OR5UYJt8LSwlXv9mmY4oI2QynwpqQ==}
    engines: {node: '>= 10'}
    cpu: [x64]
    os: [linux]
    requiresBuild: true
    dev: false
    optional: true

  /@next/swc-linux-x64-musl@14.2.21:
    resolution: {integrity: sha512-iAEBPzWNbciah4+0yI4s7Pce6BIoxTQ0AGCkxn/UBuzJFkYyJt71MadYQkjPqCQCJAFQ26sYh7MOKdU+VQFgPg==}
    engines: {node: '>= 10'}
    cpu: [x64]
    os: [linux]
    requiresBuild: true
    dev: false
    optional: true

  /@next/swc-linux-x64-musl@14.2.22:
    resolution: {integrity: sha512-qGUutzmh0PoFU0fCSu0XYpOfT7ydBZgDfcETIeft46abPqP+dmePhwRGLhFKwZWxNWQCPprH26TjaTxM0Nv8mw==}
    engines: {node: '>= 10'}
    cpu: [x64]
    os: [linux]
    requiresBuild: true
    dev: false
    optional: true

  /@next/swc-win32-arm64-msvc@14.2.21:
    resolution: {integrity: sha512-plykgB3vL2hB4Z32W3ktsfqyuyGAPxqwiyrAi2Mr8LlEUhNn9VgkiAl5hODSBpzIfWweX3er1f5uNpGDygfQVQ==}
    engines: {node: '>= 10'}
    cpu: [arm64]
    os: [win32]
    requiresBuild: true
    dev: false
    optional: true

  /@next/swc-win32-arm64-msvc@14.2.22:
    resolution: {integrity: sha512-K6MwucMWmIvMb9GlvT0haYsfIPxfQD8yXqxwFy4uLFMeXIb2TcVYQimxkaFZv86I7sn1NOZnpOaVk5eaxThGIw==}
    engines: {node: '>= 10'}
    cpu: [arm64]
    os: [win32]
    requiresBuild: true
    dev: false
    optional: true

  /@next/swc-win32-ia32-msvc@14.2.21:
    resolution: {integrity: sha512-w5bacz4Vxqrh06BjWgua3Yf7EMDb8iMcVhNrNx8KnJXt8t+Uu0Zg4JHLDL/T7DkTCEEfKXO/Er1fcfWxn2xfPA==}
    engines: {node: '>= 10'}
    cpu: [ia32]
    os: [win32]
    requiresBuild: true
    dev: false
    optional: true

  /@next/swc-win32-ia32-msvc@14.2.22:
    resolution: {integrity: sha512-5IhDDTPEbzPR31ZzqHe90LnNe7BlJUZvC4sA1thPJV6oN5WmtWjZ0bOYfNsyZx00FJt7gggNs6SrsX0UEIcIpA==}
    engines: {node: '>= 10'}
    cpu: [ia32]
    os: [win32]
    requiresBuild: true
    dev: false
    optional: true

  /@next/swc-win32-x64-msvc@14.2.21:
    resolution: {integrity: sha512-sT6+llIkzpsexGYZq8cjjthRyRGe5cJVhqh12FmlbxHqna6zsDDK8UNaV7g41T6atFHCJUPeLb3uyAwrBwy0NA==}
    engines: {node: '>= 10'}
    cpu: [x64]
    os: [win32]
    requiresBuild: true
    dev: false
    optional: true

  /@next/swc-win32-x64-msvc@14.2.22:
    resolution: {integrity: sha512-nvRaB1PyG4scn9/qNzlkwEwLzuoPH3Gjp7Q/pLuwUgOTt1oPMlnCI3A3rgkt+eZnU71emOiEv/mR201HoURPGg==}
    engines: {node: '>= 10'}
    cpu: [x64]
    os: [win32]
    requiresBuild: true
    dev: false
    optional: true

  /@swc/counter@0.1.3:
    resolution: {integrity: sha512-e2BR4lsJkkRlKZ/qCHPw9ZaSxc0MVUd7gtbtaB7aMvHeJVYe8sOB8DBZkP2DtISHGSku9sCK6T6cnY0CtXrOCQ==}
    dev: false

  /@swc/helpers@0.5.5:
    resolution: {integrity: sha512-KGYxvIOXcceOAbEk4bi/dVLEK9z8sZ0uBB3Il5b1rhfClSpcX0yfRO0KmTkqR2cnQDymwLB+25ZyMzICg/cm/A==}
    dependencies:
      '@swc/counter': 0.1.3
      tslib: 2.8.1
    dev: false

  /@types/node@22.10.3:
    resolution: {integrity: sha512-DifAyw4BkrufCILvD3ucnuN8eydUfc/C1GlyrnI+LK6543w5/L3VeVgf05o3B4fqSXP1dKYLOZsKfutpxPzZrw==}
    dependencies:
      undici-types: 6.20.0
    dev: false

  /@types/prop-types@15.7.14:
    resolution: {integrity: sha512-gNMvNH49DJ7OJYv+KAKn0Xp45p8PLl6zo2YnvDIbTd4J6MER2BmWN49TG7n9LvkyihINxeKW8+3bfS2yDC9dzQ==}
    dev: false

  /@types/react-dom@18.3.1:
    resolution: {integrity: sha512-qW1Mfv8taImTthu4KoXgDfLuk4bydU6Q/TkADnDWWHwi4NX4BR+LWfTp2sVmTqRrsHvyDDTelgelxJ+SsejKKQ==}
    dependencies:
      '@types/react': 18.3.1
    dev: false

  /@types/react@18.3.1:
    resolution: {integrity: sha512-V0kuGBX3+prX+DQ/7r2qsv1NsdfnCLnTgnRJ1pYnxykBhGMz+qj+box5lq7XsO5mtZsBqpjwwTu/7wszPfMBcw==}
    dependencies:
      '@types/prop-types': 15.7.14
      csstype: 3.1.3
    dev: false

  /busboy@1.6.0:
    resolution: {integrity: sha512-8SFQbg/0hQ9xy3UNTB0YEnsNBbWfhf7RtnzpL7TkBiTBRfrQ9Fxcnz7VJsleJpyp6rVLvXiuORqjlHi5q+PYuA==}
    engines: {node: '>=10.16.0'}
    dependencies:
      streamsearch: 1.1.0
    dev: false

  /caniuse-lite@1.0.30001690:
    resolution: {integrity: sha512-5ExiE3qQN6oF8Clf8ifIDcMRCRE/dMGcETG/XGMD8/XiXm6HXQgQTh1yZYLXXpSOsEUlJm1Xr7kGULZTuGtP/w==}
    dev: false

  /client-only@0.0.1:
    resolution: {integrity: sha512-IV3Ou0jSMzZrd3pZ48nLkT9DA7Ag1pnPzaiQhpW7c3RbcqqzvzzVu+L8gfqMp/8IM2MQtSiqaCxrrcfu8I8rMA==}
    dev: false

  /csstype@3.1.3:
    resolution: {integrity: sha512-M1uQkMl8rQK/szD0LNhtqxIPLpimGm8sOBwU7lLnCpSbTyY3yeU1Vc7l4KT5zT4s/yOxHH5O7tIuuLOCnLADRw==}
    dev: false

  /graceful-fs@4.2.11:
    resolution: {integrity: sha512-RbJ5/jmFcNNCcDV5o9eTnBLJ/HszWV0P73bc+Ff4nS/rJj+YaS6IGyiOL0VoBYX+l1Wrl3k63h/KrH+nhJ0XvQ==}
    dev: false

  /js-tokens@4.0.0:
    resolution: {integrity: sha512-RdJUflcE3cUzKiMqQgsCu06FPu9UdIJO0beYbPhHN4k6apgJtifcoCtT9bcxOpYBtpD2kCM6Sbzg4CausW/PKQ==}
    dev: false

  /loose-envify@1.4.0:
    resolution: {integrity: sha512-lyuxPGr/Wfhrlem2CL/UcnUc1zcqKAImBDzukY7Y5F/yQiNdko6+fRLevlw1HgMySw7f611UIY408EtxRSoK3Q==}
    hasBin: true
    dependencies:
      js-tokens: 4.0.0
    dev: false

  /nanoid@3.3.8:
    resolution: {integrity: sha512-WNLf5Sd8oZxOm+TzppcYk8gVOgP+l58xNy58D0nbUnOxOWRWvlcCV4kUF7ltmI6PsrLl/BgKEyS4mqsGChFN0w==}
    engines: {node: ^10 || ^12 || ^13.7 || ^14 || >=15.0.1}
    hasBin: true
    dev: false

  /next@14.2.21(react-dom@18.3.1)(react@18.3.1):
    resolution: {integrity: sha512-rZmLwucLHr3/zfDMYbJXbw0ZeoBpirxkXuvsJbk7UPorvPYZhP7vq7aHbKnU7dQNCYIimRrbB2pp3xmf+wsYUg==}
    engines: {node: '>=18.17.0'}
    hasBin: true
    peerDependencies:
      '@opentelemetry/api': ^1.1.0
      '@playwright/test': ^1.41.2
      react: ^18.2.0
      react-dom: ^18.2.0
      sass: ^1.3.0
    peerDependenciesMeta:
      '@opentelemetry/api':
        optional: true
      '@playwright/test':
        optional: true
      sass:
        optional: true
    dependencies:
      '@next/env': 14.2.21
      '@swc/helpers': 0.5.5
      busboy: 1.6.0
      caniuse-lite: 1.0.30001690
      graceful-fs: 4.2.11
      postcss: 8.4.31
      react: 18.3.1
      react-dom: 18.3.1(react@18.3.1)
      styled-jsx: 5.1.1(react@18.3.1)
    optionalDependencies:
      '@next/swc-darwin-arm64': 14.2.21
      '@next/swc-darwin-x64': 14.2.21
      '@next/swc-linux-arm64-gnu': 14.2.21
      '@next/swc-linux-arm64-musl': 14.2.21
      '@next/swc-linux-x64-gnu': 14.2.21
      '@next/swc-linux-x64-musl': 14.2.21
      '@next/swc-win32-arm64-msvc': 14.2.21
      '@next/swc-win32-ia32-msvc': 14.2.21
      '@next/swc-win32-x64-msvc': 14.2.21
    transitivePeerDependencies:
      - '@babel/core'
      - babel-plugin-macros
    dev: false

  /next@14.2.22(react-dom@18.3.1)(react@18.3.1):
    resolution: {integrity: sha512-Ps2caobQ9hlEhscLPiPm3J3SYhfwfpMqzsoCMZGWxt9jBRK9hoBZj2A37i8joKhsyth2EuVKDVJCTF5/H4iEDw==}
    engines: {node: '>=18.17.0'}
    hasBin: true
    peerDependencies:
      '@opentelemetry/api': ^1.1.0
      '@playwright/test': ^1.41.2
      react: ^18.2.0
      react-dom: ^18.2.0
      sass: ^1.3.0
    peerDependenciesMeta:
      '@opentelemetry/api':
        optional: true
      '@playwright/test':
        optional: true
      sass:
        optional: true
    dependencies:
      '@next/env': 14.2.22
      '@swc/helpers': 0.5.5
      busboy: 1.6.0
      caniuse-lite: 1.0.30001690
      graceful-fs: 4.2.11
      postcss: 8.4.31
      react: 18.3.1
      react-dom: 18.3.1(react@18.3.1)
      styled-jsx: 5.1.1(react@18.3.1)
    optionalDependencies:
      '@next/swc-darwin-arm64': 14.2.22
      '@next/swc-darwin-x64': 14.2.22
      '@next/swc-linux-arm64-gnu': 14.2.22
      '@next/swc-linux-arm64-musl': 14.2.22
      '@next/swc-linux-x64-gnu': 14.2.22
      '@next/swc-linux-x64-musl': 14.2.22
      '@next/swc-win32-arm64-msvc': 14.2.22
      '@next/swc-win32-ia32-msvc': 14.2.22
      '@next/swc-win32-x64-msvc': 14.2.22
    transitivePeerDependencies:
      - '@babel/core'
      - babel-plugin-macros
    dev: false

  /picocolors@1.1.1:
    resolution: {integrity: sha512-xceH2snhtb5M9liqDsmEw56le376mTZkEX/jEb/RxNFyegNul7eNslCXP9FDj/Lcu0X8KEyMceP2ntpaHrDEVA==}
    dev: false

  /postcss@8.4.31:
    resolution: {integrity: sha512-PS08Iboia9mts/2ygV3eLpY5ghnUcfLV/EXTOW1E2qYxJKGGBUtNjN76FYHnMs36RmARn41bC0AZmn+rR0OVpQ==}
    engines: {node: ^10 || ^12 || >=14}
    dependencies:
      nanoid: 3.3.8
      picocolors: 1.1.1
      source-map-js: 1.2.1
    dev: false

  /react-dom@18.3.1(react@18.3.1):
    resolution: {integrity: sha512-5m4nQKp+rZRb09LNH59GM4BxTh9251/ylbKIbpe7TpGxfJ+9kv6BLkLBXIjjspbgbnIBNqlI23tRnTWT0snUIw==}
    peerDependencies:
      react: ^18.3.1
    dependencies:
      loose-envify: 1.4.0
      react: 18.3.1
      scheduler: 0.23.2
    dev: false

  /react@18.3.1:
    resolution: {integrity: sha512-wS+hAgJShR0KhEvPJArfuPVN1+Hz1t0Y6n5jLrGQbkb4urgPE/0Rve+1kMB1v/oWgHgm4WIcV+i7F2pTVj+2iQ==}
    engines: {node: '>=0.10.0'}
    dependencies:
      loose-envify: 1.4.0
    dev: false

  /scheduler@0.23.2:
    resolution: {integrity: sha512-UOShsPwz7NrMUqhR6t0hWjFduvOzbtv7toDH1/hIrfRNIDBnnBWd0CwJTGvTpngVlmwGCdP9/Zl/tVrDqcuYzQ==}
    dependencies:
      loose-envify: 1.4.0
    dev: false

  /source-map-js@1.2.1:
    resolution: {integrity: sha512-UXWMKhLOwVKb728IUtQPXxfYU+usdybtUrK/8uGE8CQMvrhOpwvzDBwj0QhSL7MQc7vIsISBG8VQ8+IDQxpfQA==}
    engines: {node: '>=0.10.0'}
    dev: false

  /streamsearch@1.1.0:
    resolution: {integrity: sha512-Mcc5wHehp9aXz1ax6bZUyY5afg9u2rv5cqQI3mRrYkGC8rW2hM02jWuwjtL++LS5qinSyhj2QfLyNsuc+VsExg==}
    engines: {node: '>=10.0.0'}
    dev: false

  /styled-jsx@5.1.1(react@18.3.1):
    resolution: {integrity: sha512-pW7uC1l4mBZ8ugbiZrcIsiIvVx1UmTfw7UkC3Um2tmfUq9Bhk8IiyEIPl6F8agHgjzku6j0xQEZbfA5uSgSaCw==}
    engines: {node: '>= 12.0.0'}
    peerDependencies:
      '@babel/core': '*'
      babel-plugin-macros: '*'
      react: '>= 16.8.0 || 17.x.x || ^18.0.0-0'
    peerDependenciesMeta:
      '@babel/core':
        optional: true
      babel-plugin-macros:
        optional: true
    dependencies:
      client-only: 0.0.1
      react: 18.3.1
    dev: false

  /tslib@2.8.1:
    resolution: {integrity: sha512-oJFu94HQb+KVduSUQL7wnpmqnfmLsOA/nAh6b6EH0wCEoK0/mPeXU6c3wKDV83MkOuHPRHtSXKKU99IBazS/2w==}
    dev: false

  /typescript@5.7.2:
    resolution: {integrity: sha512-i5t66RHxDvVN40HfDd1PsEThGNnlMCMT3jMUuoh9/0TaqWevNontacunWyN02LA9/fIbEWlcHZcgTKb9QoaLfg==}
    engines: {node: '>=14.17'}
    hasBin: true
    dev: false

  /undici-types@6.20.0:
    resolution: {integrity: sha512-Ny6QZ2Nju20vw1SRHe3d9jVu6gJ+4e3+MMpqu7pqE5HT6WsTSlce++GQmK5UXS8mzV8DSYHrQH+Xrf2jVcuKNg==}
    dev: false
